<?xml version="1.0" encoding="utf-8"?>
<Project ToolsVersion="4.0" xmlns="http://schemas.microsoft.com/developer/msbuild/2003">
  <ItemGroup>
    <Filter Include="Wal">
      <UniqueIdentifier>{E931880B-553B-887C-DEB6-9E7C4ABF937C}</UniqueIdentifier>
    </Filter>
    <Filter Include="Wal\Events">
      <UniqueIdentifier>{AD7DA72F-9935-E97C-023D-C2D8EE13846D}</UniqueIdentifier>
    </Filter>
    <Filter Include="Platform">
      <UniqueIdentifier>{b7207d42-8742-499f-be2c-31d5e51cbcd2}</UniqueIdentifier>
    </Filter>
    <Filter Include="Platform\Windows">
      <UniqueIdentifier>{ba2b7969-9a79-480f-a30c-30bb79b37475}</UniqueIdentifier>
    </Filter>
  </ItemGroup>
  <ItemGroup>
    <ClInclude Include="src\Wal.h" />
    <ClInclude Include="src\Wal\Application.h">
      <Filter>Wal</Filter>
    </ClInclude>
    <ClInclude Include="src\Wal\Core.h">
      <Filter>Wal</Filter>
    </ClInclude>
    <ClInclude Include="src\Wal\EntryPoint.h">
      <Filter>Wal</Filter>
    </ClInclude>
    <ClInclude Include="src\Wal\Events\ApplicationEvent.h">
      <Filter>Wal\Events</Filter>
    </ClInclude>
    <ClInclude Include="src\Wal\Events\Event.h">
      <Filter>Wal\Events</Filter>
    </ClInclude>
    <ClInclude Include="src\Wal\Events\KeyEvent.h">
      <Filter>Wal\Events</Filter>
    </ClInclude>
    <ClInclude Include="src\Wal\Events\MouseEvent.h">
      <Filter>Wal\Events</Filter>
    </ClInclude>
    <ClInclude Include="src\Wal\Log.h">
      <Filter>Wal</Filter>
    </ClInclude>
    <ClInclude Include="src\wlpch.h" />
    <ClInclude Include="src\Wal\Platform\Windows\WindowsWindow.h">
      <Filter>Platform\Windows</Filter>
    </ClInclude>
    <ClInclude Include="src\Wal\Window.h">
      <Filter>Wal</Filter>
    </ClInclude>
  </ItemGroup>
  <ItemGroup>
    <ClCompile Include="src\Wal\Application.cpp">
      <Filter>Wal</Filter>
    </ClCompile>
    <ClCompile Include="src\Wal\Log.cpp">
      <Filter>Wal</Filter>
    </ClCompile>
    <ClCompile Include="src\wlpch.cpp" />
    <ClCompile Include="src\Wal\Platform\Windows\WindowsWindow.cpp">
      <Filter>Platform\Windows</Filter>
    </ClCompile>
  </ItemGroup>
</Project>