<?xml version="1.0" encoding="utf-8"?>
<Project ToolsVersion="4.0" xmlns="http://schemas.microsoft.com/developer/msbuild/2003">
  <ItemGroup>
    <Filter Include="Wal">
      <UniqueIdentifier>{E931880B-553B-887C-DEB6-9E7C4ABF937C}</UniqueIdentifier>
    </Filter>
    <Filter Include="Wal\Events">
      <UniqueIdentifier>{c9911b04-5b2e-4adf-8d91-3891536438be}</UniqueIdentifier>
    </Filter>
  </ItemGroup>
  <ItemGroup>
    <ClInclude Include="src\Test.h" />
    <ClInclude Include="src\Wal.h" />
    <ClInclude Include="src\Wal\Application.h">
      <Filter>Wal</Filter>
    </ClInclude>
    <ClInclude Include="src\Wal\Core.h">
      <Filter>Wal</Filter>
    </ClInclude>
    <ClInclude Include="src\Wal\EntryPoint.h">
      <Filter>Wal</Filter>
    </ClInclude>
    <ClInclude Include="src\Wal\Log.h">
      <Filter>Wal</Filter>
    </ClInclude>
    <ClInclude Include="src\Wal\Events\MouseEvent.h">
      <Filter>Wal\Events</Filter>
    </ClInclude>
    <ClInclude Include="src\Wal\Events\KeyEvent.h">
      <Filter>Wal\Events</Filter>
    </ClInclude>
    <ClInclude Include="src\Wal\Events\Event.h">
      <Filter>Wal\Events</Filter>
    </ClInclude>
    <ClInclude Include="src\Wal\Events\ApplicationEvent.h">
      <Filter>Wal\Events</Filter>
    </ClInclude>
  </ItemGroup>
  <ItemGroup>
    <ClCompile Include="src\Test.cpp" />
    <ClCompile Include="src\Wal\Application.cpp">
      <Filter>Wal</Filter>
    </ClCompile>
    <ClCompile Include="src\Wal\Log.cpp">
      <Filter>Wal</Filter>
    </ClCompile>
  </ItemGroup>
</Project>